{
  "requires": true,
  "lockfileVersion": 1,
  "dependencies": {
    "@types/node": {
      "version": "16.11.11",
      "resolved": "https://registry.npmjs.org/@types/node/-/node-16.11.11.tgz",
      "integrity": "sha512-KB0sixD67CeecHC33MYn+eYARkqTheIRNuu97y2XMjR7Wu3XibO1vaY6VBV6O/a89SPI81cEUIYT87UqUWlZNw=="
    },
    "fs": {
      "version": "0.0.1-security",
      "resolved": "https://registry.npmjs.org/fs/-/fs-0.0.1-security.tgz",
      "integrity": "sha1-invTcYa23d84E/I4WLV+yq9eQdQ="
    },
    "ts-data.stack": {
      "version": "1.0.6",
      "resolved": "https://registry.npmjs.org/ts-data.stack/-/ts-data.stack-1.0.6.tgz",
      "integrity": "sha1-qK8rpIA6i+pAs1uEpsyuU+wvoiE="
    },
    "ts-priority-queue": {
      "version": "0.1.1",
      "resolved": "https://registry.npmjs.org/ts-priority-queue/-/ts-priority-queue-0.1.1.tgz",
      "integrity": "sha512-jNwbk4ItfTHVopnlQ/Z7UUlbF1TNsdXS2cb1W8kI6lm8UauIjs8CYSOEh1E/yrIEhl+HVFUMp60ma6fKuvBhBQ=="
    }
  }
}
